
Microsoft Visual Studio Solution File, Format Version 12.00
# Visual Studio Version 17
VisualStudioVersion = 17.6.33829.357
MinimumVisualStudioVersion = 10.0.40219.1
Project("{FAE04EC0-301F-11D3-BF4B-00C04F79EFBC}") = "ChatGptLibrary", "ChatGptLibrary\ChatGptLibrary.csproj", "{AEFF31EC-2064-487B-ABEC-FB62E912AC87}"
EndProject
Global
	GlobalSection(SolutionConfigurationPlatforms) = preSolution
		Debug|Any CPU = Debug|Any CPU
		Release|Any CPU = Release|Any CPU
	EndGlobalSection
	GlobalSection(ProjectConfigurationPlatforms) = postSolution
		{AEFF31EC-2064-487B-ABEC-FB62E912AC87}.Debug|Any CPU.ActiveCfg = Debug|Any CPU
		{AEFF31EC-2064-487B-ABEC-FB62E912AC87}.Debug|Any CPU.Build.0 = Debug|Any CPU
		{AEFF31EC-2064-487B-ABEC-FB62E912AC87}.Release|Any CPU.ActiveCfg = Release|Any CPU
		{AEFF31EC-2064-487B-ABEC-FB62E912AC87}.Release|Any CPU.Build.0 = Release|Any CPU
	EndGlobalSection
	GlobalSection(SolutionProperties) = preSolution
		HideSolutionNode = FALSE
	EndGlobalSection
	GlobalSection(ExtensibilityGlobals) = postSolution
		SolutionGuid = {4969CC2D-D2D3-49BA-9C66-4F781D1CF386}
	EndGlobalSection
EndGlobal
